
Microsoft Visual Studio Solution File, Format Version 12.00
Project("{FAE04EC0-301F-11D3-BF4B-00C04F79EFBC}") = "ExpensesControl.API", "ExpensesControl.API\ExpensesControl.API.csproj", "{EE09A8D2-5EF0-4FF1-B9BC-72946C6C2F8F}"
EndProject
Project("{2150E333-8FDC-42A3-9474-1A3956D46DE8}") = "src", "src", "{D977B882-9B85-4705-93BE-36C0ACE2ACAE}"
EndProject
Project("{2150E333-8FDC-42A3-9474-1A3956D46DE8}") = "Tests", "Tests", "{DEA78B11-84F1-4829-9813-6A4B4B58D85F}"
EndProject
Project("{FAE04EC0-301F-11D3-BF4B-00C04F79EFBC}") = "ExpensesControl.Rdb", "ExpensesControl.Rdb\ExpensesControl.Rdb.csproj", "{C9E9999A-B959-4AA2-893D-791458F3ED73}"
EndProject
Global
	GlobalSection(SolutionConfigurationPlatforms) = preSolution
		Debug|Any CPU = Debug|Any CPU
		Release|Any CPU = Release|Any CPU
	EndGlobalSection
	GlobalSection(ProjectConfigurationPlatforms) = postSolution
		{EE09A8D2-5EF0-4FF1-B9BC-72946C6C2F8F}.Debug|Any CPU.ActiveCfg = Debug|Any CPU
		{EE09A8D2-5EF0-4FF1-B9BC-72946C6C2F8F}.Debug|Any CPU.Build.0 = Debug|Any CPU
		{EE09A8D2-5EF0-4FF1-B9BC-72946C6C2F8F}.Release|Any CPU.ActiveCfg = Release|Any CPU
		{EE09A8D2-5EF0-4FF1-B9BC-72946C6C2F8F}.Release|Any CPU.Build.0 = Release|Any CPU
		{C9E9999A-B959-4AA2-893D-791458F3ED73}.Debug|Any CPU.ActiveCfg = Debug|Any CPU
		{C9E9999A-B959-4AA2-893D-791458F3ED73}.Debug|Any CPU.Build.0 = Debug|Any CPU
		{C9E9999A-B959-4AA2-893D-791458F3ED73}.Release|Any CPU.ActiveCfg = Release|Any CPU
		{C9E9999A-B959-4AA2-893D-791458F3ED73}.Release|Any CPU.Build.0 = Release|Any CPU
	EndGlobalSection
	GlobalSection(NestedProjects) = preSolution
		{EE09A8D2-5EF0-4FF1-B9BC-72946C6C2F8F} = {D977B882-9B85-4705-93BE-36C0ACE2ACAE}
		{C9E9999A-B959-4AA2-893D-791458F3ED73} = {D977B882-9B85-4705-93BE-36C0ACE2ACAE}
	EndGlobalSection
EndGlobal
